// !$*UTF8*$!
{
	archiveVersion = 1;
	classes = {
	};
	objectVersion = 50;
	objects = {

/* Begin PBXBuildFile section */
		3DD42826253B7EB000C8826A /* AppDelegate.swift in Sources */ = {isa = PBXBuildFile; fileRef = 3DD42825253B7EB000C8826A /* AppDelegate.swift */; };
		3DD42828253B7EB000C8826A /* SceneDelegate.swift in Sources */ = {isa = PBXBuildFile; fileRef = 3DD42827253B7EB000C8826A /* SceneDelegate.swift */; };
		3DD4282A253B7EB000C8826A /* ViewController.swift in Sources */ = {isa = PBXBuildFile; fileRef = 3DD42829253B7EB000C8826A /* ViewController.swift */; };
		3DD4282D253B7EB000C8826A /* Main.storyboard in Resources */ = {isa = PBXBuildFile; fileRef = 3DD4282B253B7EB000C8826A /* Main.storyboard */; };
		3DD4282F253B7EB100C8826A /* Assets.xcassets in Resources */ = {isa = PBXBuildFile; fileRef = 3DD4282E253B7EB100C8826A /* Assets.xcassets */; };
		3DD42832253B7EB100C8826A /* LaunchScreen.storyboard in Resources */ = {isa = PBXBuildFile; fileRef = 3DD42830253B7EB100C8826A /* LaunchScreen.storyboard */; };
		3DD4283D253B7EB100C8826A /* ZoologicoTests.swift in Sources */ = {isa = PBXBuildFile; fileRef = 3DD4283C253B7EB100C8826A /* ZoologicoTests.swift */; };
		3DD42848253B7EB100C8826A /* ZoologicoUITests.swift in Sources */ = {isa = PBXBuildFile; fileRef = 3DD42847253B7EB100C8826A /* ZoologicoUITests.swift */; };
/* End PBXBuildFile section */

/* Begin PBXContainerItemProxy section */
		3DD42839253B7EB100C8826A /* PBXContainerItemProxy */ = {
			isa = PBXContainerItemProxy;
			containerPortal = 3DD4281A253B7EB000C8826A /* Project object */;
			proxyType = 1;
			remoteGlobalIDString = 3DD42821253B7EB000C8826A;
			remoteInfo = Zoologico;
		};
		3DD42844253B7EB100C8826A /* PBXContainerItemProxy */ = {
			isa = PBXContainerItemProxy;
			containerPortal = 3DD4281A253B7EB000C8826A /* Project object */;
			proxyType = 1;
			remoteGlobalIDString = 3DD42821253B7EB000C8826A;
			remoteInfo = Zoologico;
		};
/* End PBXContainerItemProxy section */

/* Begin PBXFileReference section */
		3DD42822253B7EB000C8826A /* Zoologico.app */ = {isa = PBXFileReference; explicitFileType = wrapper.application; includeInIndex = 0; path = Zoologico.app; sourceTree = BUILT_PRODUCTS_DIR; };
		3DD42825253B7EB000C8826A /* AppDelegate.swift */ = {isa = PBXFileReference; lastKnownFileType = sourcecode.swift; path = AppDelegate.swift; sourceTree = "<group>"; };
		3DD42827253B7EB000C8826A /* SceneDelegate.swift */ = {isa = PBXFileReference; lastKnownFileType = sourcecode.swift; path = SceneDelegate.swift; sourceTree = "<group>"; };
		3DD42829253B7EB000C8826A /* ViewController.swift */ = {isa = PBXFileReference; lastKnownFileType = sourcecode.swift; path = ViewController.swift; sourceTree = "<group>"; };
		3DD4282C253B7EB000C8826A /* Base */ = {isa = PBXFileReference; lastKnownFileType = file.storyboard; name = Base; path = Base.lproj/Main.storyboard; sourceTree = "<group>"; };
		3DD4282E253B7EB100C8826A /* Assets.xcassets */ = {isa = PBXFileReference; lastKnownFileType = folder.assetcatalog; path = Assets.xcassets; sourceTree = "<group>"; };
		3DD42831253B7EB100C8826A /* Base */ = {isa = PBXFileReference; lastKnownFileType = file.storyboard; name = Base; path = Base.lproj/LaunchScreen.storyboard; sourceTree = "<group>"; };
		3DD42833253B7EB100C8826A /* Info.plist */ = {isa = PBXFileReference; lastKnownFileType = text.plist.xml; path = Info.plist; sourceTree = "<group>"; };
		3DD42838253B7EB100C8826A /* ZoologicoTests.xctest */ = {isa = PBXFileReference; explicitFileType = wrapper.cfbundle; includeInIndex = 0; path = ZoologicoTests.xctest; sourceTree = BUILT_PRODUCTS_DIR; };
		3DD4283C253B7EB100C8826A /* ZoologicoTests.swift */ = {isa = PBXFileReference; lastKnownFileType = sourcecode.swift; path = ZoologicoTests.swift; sourceTree = "<group>"; };
		3DD4283E253B7EB100C8826A /* Info.plist */ = {isa = PBXFileReference; lastKnownFileType = text.plist.xml; path = Info.plist; sourceTree = "<group>"; };
		3DD42843253B7EB100C8826A /* ZoologicoUITests.xctest */ = {isa = PBXFileReference; explicitFileType = wrapper.cfbundle; includeInIndex = 0; path = ZoologicoUITests.xctest; sourceTree = BUILT_PRODUCTS_DIR; };
		3DD42847253B7EB100C8826A /* ZoologicoUITests.swift */ = {isa = PBXFileReference; lastKnownFileType = sourcecode.swift; path = ZoologicoUITests.swift; sourceTree = "<group>"; };
		3DD42849253B7EB100C8826A /* Info.plist */ = {isa = PBXFileReference; lastKnownFileType = text.plist.xml; path = Info.plist; sourceTree = "<group>"; };
/* End PBXFileReference section */

/* Begin PBXFrameworksBuildPhase section */
		3DD4281F253B7EB000C8826A /* Frameworks */ = {
			isa = PBXFrameworksBuildPhase;
			buildActionMask = 2147483647;
			files = (
			);
			runOnlyForDeploymentPostprocessing = 0;
		};
		3DD42835253B7EB100C8826A /* Frameworks */ = {
			isa = PBXFrameworksBuildPhase;
			buildActionMask = 2147483647;
			files = (
			);
			runOnlyForDeploymentPostprocessing = 0;
		};
		3DD42840253B7EB100C8826A /* Frameworks */ = {
			isa = PBXFrameworksBuildPhase;
			buildActionMask = 2147483647;
			files = (
			);
			runOnlyForDeploymentPostprocessing = 0;
		};
/* End PBXFrameworksBuildPhase section */

/* Begin PBXGroup section */
		3DD42819253B7EB000C8826A = {
			isa = PBXGroup;
			children = (
				3DD42824253B7EB000C8826A /* Zoologico */,
				3DD4283B253B7EB100C8826A /* ZoologicoTests */,
				3DD42846253B7EB100C8826A /* ZoologicoUITests */,
				3DD42823253B7EB000C8826A /* Products */,
			);
			sourceTree = "<group>";
		};
		3DD42823253B7EB000C8826A /* Products */ = {
			isa = PBXGroup;
			children = (
				3DD42822253B7EB000C8826A /* Zoologico.app */,
				3DD42838253B7EB100C8826A /* ZoologicoTests.xctest */,
				3DD42843253B7EB100C8826A /* ZoologicoUITests.xctest */,
			);
			name = Products;
			sourceTree = "<group>";
		};
		3DD42824253B7EB000C8826A /* Zoologico */ = {
			isa = PBXGroup;
			children = (
				3DD42825253B7EB000C8826A /* AppDelegate.swift */,
				3DD42827253B7EB000C8826A /* SceneDelegate.swift */,
				3DD42829253B7EB000C8826A /* ViewController.swift */,
				3DD4282B253B7EB000C8826A /* Main.storyboard */,
				3DD4282E253B7EB100C8826A /* Assets.xcassets */,
				3DD42830253B7EB100C8826A /* LaunchScreen.storyboard */,
				3DD42833253B7EB100C8826A /* Info.plist */,
			);
			path = Zoologico;
			sourceTree = "<group>";
		};
		3DD4283B253B7EB100C8826A /* ZoologicoTests */ = {
			isa = PBXGroup;
			children = (
				3DD4283C253B7EB100C8826A /* ZoologicoTests.swift */,
				3DD4283E253B7EB100C8826A /* Info.plist */,
			);
			path = ZoologicoTests;
			sourceTree = "<group>";
		};
		3DD42846253B7EB100C8826A /* ZoologicoUITests */ = {
			isa = PBXGroup;
			children = (
				3DD42847253B7EB100C8826A /* ZoologicoUITests.swift */,
				3DD42849253B7EB100C8826A /* Info.plist */,
			);
			path = ZoologicoUITests;
			sourceTree = "<group>";
		};
/* End PBXGroup section */

/* Begin PBXNativeTarget section */
		3DD42821253B7EB000C8826A /* Zoologico */ = {
			isa = PBXNativeTarget;
			buildConfigurationList = 3DD4284C253B7EB100C8826A /* Build configuration list for PBXNativeTarget "Zoologico" */;
			buildPhases = (
				3DD4281E253B7EB000C8826A /* Sources */,
				3DD4281F253B7EB000C8826A /* Frameworks */,
				3DD42820253B7EB000C8826A /* Resources */,
			);
			buildRules = (
			);
			dependencies = (
			);
			name = Zoologico;
			productName = Zoologico;
			productReference = 3DD42822253B7EB000C8826A /* Zoologico.app */;
			productType = "com.apple.product-type.application";
		};
		3DD42837253B7EB100C8826A /* ZoologicoTests */ = {
			isa = PBXNativeTarget;
			buildConfigurationList = 3DD4284F253B7EB100C8826A /* Build configuration list for PBXNativeTarget "ZoologicoTests" */;
			buildPhases = (
				3DD42834253B7EB100C8826A /* Sources */,
				3DD42835253B7EB100C8826A /* Frameworks */,
				3DD42836253B7EB100C8826A /* Resources */,
			);
			buildRules = (
			);
			dependencies = (
				3DD4283A253B7EB100C8826A /* PBXTargetDependency */,
			);
			name = ZoologicoTests;
			productName = ZoologicoTests;
			productReference = 3DD42838253B7EB100C8826A /* ZoologicoTests.xctest */;
			productType = "com.apple.product-type.bundle.unit-test";
		};
		3DD42842253B7EB100C8826A /* ZoologicoUITests */ = {
			isa = PBXNativeTarget;
			buildConfigurationList = 3DD42852253B7EB100C8826A /* Build configuration list for PBXNativeTarget "ZoologicoUITests" */;
			buildPhases = (
				3DD4283F253B7EB100C8826A /* Sources */,
				3DD42840253B7EB100C8826A /* Frameworks */,
				3DD42841253B7EB100C8826A /* Resources */,
			);
			buildRules = (
			);
			dependencies = (
				3DD42845253B7EB100C8826A /* PBXTargetDependency */,
			);
			name = ZoologicoUITests;
			productName = ZoologicoUITests;
			productReference = 3DD42843253B7EB100C8826A /* ZoologicoUITests.xctest */;
			productType = "com.apple.product-type.bundle.ui-testing";
		};
/* End PBXNativeTarget section */

/* Begin PBXProject section */
		3DD4281A253B7EB000C8826A /* Project object */ = {
			isa = PBXProject;
			attributes = {
				LastSwiftUpdateCheck = 1130;
				LastUpgradeCheck = 1130;
				ORGANIZATIONNAME = Alumno;
				TargetAttributes = {
					3DD42821253B7EB000C8826A = {
						CreatedOnToolsVersion = 11.3.1;
					};
					3DD42837253B7EB100C8826A = {
						CreatedOnToolsVersion = 11.3.1;
						TestTargetID = 3DD42821253B7EB000C8826A;
					};
					3DD42842253B7EB100C8826A = {
						CreatedOnToolsVersion = 11.3.1;
						TestTargetID = 3DD42821253B7EB000C8826A;
					};
				};
			};
			buildConfigurationList = 3DD4281D253B7EB000C8826A /* Build configuration list for PBXProject "Zoologico" */;
			compatibilityVersion = "Xcode 9.3";
			developmentRegion = en;
			hasScannedForEncodings = 0;
			knownRegions = (
				en,
				Base,
			);
			mainGroup = 3DD42819253B7EB000C8826A;
			productRefGroup = 3DD42823253B7EB000C8826A /* Products */;
			projectDirPath = "";
			projectRoot = "";
			targets = (
				3DD42821253B7EB000C8826A /* Zoologico */,
				3DD42837253B7EB100C8826A /* ZoologicoTests */,
				3DD42842253B7EB100C8826A /* ZoologicoUITests */,
			);
		};
/* End PBXProject section */

/* Begin PBXResourcesBuildPhase section */
		3DD42820253B7EB000C8826A /* Resources */ = {
			isa = PBXResourcesBuildPhase;
			buildActionMask = 2147483647;
			files = (
				3DD42832253B7EB100C8826A /* LaunchScreen.storyboard in Resources */,
				3DD4282F253B7EB100C8826A /* Assets.xcassets in Resources */,
				3DD4282D253B7EB000C8826A /* Main.storyboard in Resources */,
			);
			runOnlyForDeploymentPostprocessing = 0;
		};
		3DD42836253B7EB100C8826A /* Resources */ = {
			isa = PBXResourcesBuildPhase;
			buildActionMask = 2147483647;
			files = (
			);
			runOnlyForDeploymentPostprocessing = 0;
		};
		3DD42841253B7EB100C8826A /* Resources */ = {
			isa = PBXResourcesBuildPhase;
			buildActionMask = 2147483647;
			files = (
			);
			runOnlyForDeploymentPostprocessing = 0;
		};
/* End PBXResourcesBuildPhase section */

/* Begin PBXSourcesBuildPhase section */
		3DD4281E253B7EB000C8826A /* Sources */ = {
			isa = PBXSourcesBuildPhase;
			buildActionMask = 2147483647;
			files = (
				3DD4282A253B7EB000C8826A /* ViewController.swift in Sources */,
				3DD42826253B7EB000C8826A /* AppDelegate.swift in Sources */,
				3DD42828253B7EB000C8826A /* SceneDelegate.swift in Sources */,
			);
			runOnlyForDeploymentPostprocessing = 0;
		};
		3DD42834253B7EB100C8826A /* Sources */ = {
			isa = PBXSourcesBuildPhase;
			buildActionMask = 2147483647;
			files = (
				3DD4283D253B7EB100C8826A /* ZoologicoTests.swift in Sources */,
			);
			runOnlyForDeploymentPostprocessing = 0;
		};
		3DD4283F253B7EB100C8826A /* Sources */ = {
			isa = PBXSourcesBuildPhase;
			buildActionMask = 2147483647;
			files = (
				3DD42848253B7EB100C8826A /* ZoologicoUITests.swift in Sources */,
			);
			runOnlyForDeploymentPostprocessing = 0;
		};
/* End PBXSourcesBuildPhase section */

/* Begin PBXTargetDependency section */
		3DD4283A253B7EB100C8826A /* PBXTargetDependency */ = {
			isa = PBXTargetDependency;
			target = 3DD42821253B7EB000C8826A /* Zoologico */;
			targetProxy = 3DD42839253B7EB100C8826A /* PBXContainerItemProxy */;
		};
		3DD42845253B7EB100C8826A /* PBXTargetDependency */ = {
			isa = PBXTargetDependency;
			target = 3DD42821253B7EB000C8826A /* Zoologico */;
			targetProxy = 3DD42844253B7EB100C8826A /* PBXContainerItemProxy */;
		};
/* End PBXTargetDependency section */

/* Begin PBXVariantGroup section */
		3DD4282B253B7EB000C8826A /* Main.storyboard */ = {
			isa = PBXVariantGroup;
			children = (
				3DD4282C253B7EB000C8826A /* Base */,
			);
			name = Main.storyboard;
			sourceTree = "<group>";
		};
		3DD42830253B7EB100C8826A /* LaunchScreen.storyboard */ = {
			isa = PBXVariantGroup;
			children = (
				3DD42831253B7EB100C8826A /* Base */,
			);
			name = LaunchScreen.storyboard;
			sourceTree = "<group>";
		};
/* End PBXVariantGroup section */

/* Begin XCBuildConfiguration section */
		3DD4284A253B7EB100C8826A /* Debug */ = {
			isa = XCBuildConfiguration;
			buildSettings = {
				ALWAYS_SEARCH_USER_PATHS = NO;
				CLANG_ANALYZER_NONNULL = YES;
				CLANG_ANALYZER_NUMBER_OBJECT_CONVERSION = YES_AGGRESSIVE;
				CLANG_CXX_LANGUAGE_STANDARD = "gnu++14";
				CLANG_CXX_LIBRARY = "libc++";
				CLANG_ENABLE_MODULES = YES;
				CLANG_ENABLE_OBJC_ARC = YES;
				CLANG_ENABLE_OBJC_WEAK = YES;
				CLANG_WARN_BLOCK_CAPTURE_AUTORELEASING = YES;
				CLANG_WARN_BOOL_CONVERSION = YES;
				CLANG_WARN_COMMA = YES;
				CLANG_WARN_CONSTANT_CONVERSION = YES;
				CLANG_WARN_DEPRECATED_OBJC_IMPLEMENTATIONS = YES;
				CLANG_WARN_DIRECT_OBJC_ISA_USAGE = YES_ERROR;
				CLANG_WARN_DOCUMENTATION_COMMENTS = YES;
				CLANG_WARN_EMPTY_BODY = YES;
				CLANG_WARN_ENUM_CONVERSION = YES;
				CLANG_WARN_INFINITE_RECURSION = YES;
				CLANG_WARN_INT_CONVERSION = YES;
				CLANG_WARN_NON_LITERAL_NULL_CONVERSION = YES;
				CLANG_WARN_OBJC_IMPLICIT_RETAIN_SELF = YES;
				CLANG_WARN_OBJC_LITERAL_CONVERSION = YES;
				CLANG_WARN_OBJC_ROOT_CLASS = YES_ERROR;
				CLANG_WARN_RANGE_LOOP_ANALYSIS = YES;
				CLANG_WARN_STRICT_PROTOTYPES = YES;
				CLANG_WARN_SUSPICIOUS_MOVE = YES;
				CLANG_WARN_UNGUARDED_AVAILABILITY = YES_AGGRESSIVE;
				CLANG_WARN_UNREACHABLE_CODE = YES;
				CLANG_WARN__DUPLICATE_METHOD_MATCH = YES;
				COPY_PHASE_STRIP = NO;
				DEBUG_INFORMATION_FORMAT = dwarf;
				ENABLE_STRICT_OBJC_MSGSEND = YES;
				ENABLE_TESTABILITY = YES;
				GCC_C_LANGUAGE_STANDARD = gnu11;
				GCC_DYNAMIC_NO_PIC = NO;
				GCC_NO_COMMON_BLOCKS = YES;
				GCC_OPTIMIZATION_LEVEL = 0;
				GCC_PREPROCESSOR_DEFINITIONS = (
					"DEBUG=1",
					"$(inherited)",
				);
				GCC_WARN_64_TO_32_BIT_CONVERSION = YES;
				GCC_WARN_ABOUT_RETURN_TYPE = YES_ERROR;
				GCC_WARN_UNDECLARED_SELECTOR = YES;
				GCC_WARN_UNINITIALIZED_AUTOS = YES_AGGRESSIVE;
				GCC_WARN_UNUSED_FUNCTION = YES;
				GCC_WARN_UNUSED_VARIABLE = YES;
				IPHONEOS_DEPLOYMENT_TARGET = 13.2;
				MTL_ENABLE_DEBUG_INFO = INCLUDE_SOURCE;
				MTL_FAST_MATH = YES;
				ONLY_ACTIVE_ARCH = YES;
				SDKROOT = iphoneos;
				SWIFT_ACTIVE_COMPILATION_CONDITIONS = DEBUG;
				SWIFT_OPTIMIZATION_LEVEL = "-Onone";
			};
			name = Debug;
		};
		3DD4284B253B7EB100C8826A /* Release */ = {
			isa = XCBuildConfiguration;
			buildSettings = {
				ALWAYS_SEARCH_USER_PATHS = NO;
				CLANG_ANALYZER_NONNULL = YES;
				CLANG_ANALYZER_NUMBER_OBJECT_CONVERSION = YES_AGGRESSIVE;
				CLANG_CXX_LANGUAGE_STANDARD = "gnu++14";
				CLANG_CXX_LIBRARY = "libc++";
				CLANG_ENABLE_MODULES = YES;
				CLANG_ENABLE_OBJC_ARC = YES;
				CLANG_ENABLE_OBJC_WEAK = YES;
				CLANG_WARN_BLOCK_CAPTURE_AUTORELEASING = YES;
				CLANG_WARN_BOOL_CONVERSION = YES;
				CLANG_WARN_COMMA = YES;
				CLANG_WARN_CONSTANT_CONVERSION = YES;
				CLANG_WARN_DEPRECATED_OBJC_IMPLEMENTATIONS = YES;
				CLANG_WARN_DIRECT_OBJC_ISA_USAGE = YES_ERROR;
				CLANG_WARN_DOCUMENTATION_COMMENTS = YES;
				CLANG_WARN_EMPTY_BODY = YES;
				CLANG_WARN_ENUM_CONVERSION = YES;
				CLANG_WARN_INFINITE_RECURSION = YES;
				CLANG_WARN_INT_CONVERSION = YES;
				CLANG_WARN_NON_LITERAL_NULL_CONVERSION = YES;
				CLANG_WARN_OBJC_IMPLICIT_RETAIN_SELF = YES;
				CLANG_WARN_OBJC_LITERAL_CONVERSION = YES;
				CLANG_WARN_OBJC_ROOT_CLASS = YES_ERROR;
				CLANG_WARN_RANGE_LOOP_ANALYSIS = YES;
				CLANG_WARN_STRICT_PROTOTYPES = YES;
				CLANG_WARN_SUSPICIOUS_MOVE = YES;
				CLANG_WARN_UNGUARDED_AVAILABILITY = YES_AGGRESSIVE;
				CLANG_WARN_UNREACHABLE_CODE = YES;
				CLANG_WARN__DUPLICATE_METHOD_MATCH = YES;
				COPY_PHASE_STRIP = NO;
				DEBUG_INFORMATION_FORMAT = "dwarf-with-dsym";
				ENABLE_NS_ASSERTIONS = NO;
				ENABLE_STRICT_OBJC_MSGSEND = YES;
				GCC_C_LANGUAGE_STANDARD = gnu11;
				GCC_NO_COMMON_BLOCKS = YES;
				GCC_WARN_64_TO_32_BIT_CONVERSION = YES;
				GCC_WARN_ABOUT_RETURN_TYPE = YES_ERROR;
				GCC_WARN_UNDECLARED_SELECTOR = YES;
				GCC_WARN_UNINITIALIZED_AUTOS = YES_AGGRESSIVE;
				GCC_WARN_UNUSED_FUNCTION = YES;
				GCC_WARN_UNUSED_VARIABLE = YES;
				IPHONEOS_DEPLOYMENT_TARGET = 13.2;
				MTL_ENABLE_DEBUG_INFO = NO;
				MTL_FAST_MATH = YES;
				SDKROOT = iphoneos;
				SWIFT_COMPILATION_MODE = wholemodule;
				SWIFT_OPTIMIZATION_LEVEL = "-O";
				VALIDATE_PRODUCT = YES;
			};
			name = Release;
		};
		3DD4284D253B7EB100C8826A /* Debug */ = {
			isa = XCBuildConfiguration;
			buildSettings = {
				ASSETCATALOG_COMPILER_APPICON_NAME = AppIcon;
				CODE_SIGN_STYLE = Automatic;
				INFOPLIST_FILE = Zoologico/Info.plist;
				LD_RUNPATH_SEARCH_PATHS = (
					"$(inherited)",
					"@executable_path/Frameworks",
				);
				PRODUCT_BUNDLE_IDENTIFIER = edu.ulsa.Zoologico;
				PRODUCT_NAME = "$(TARGET_NAME)";
				SWIFT_VERSION = 5.0;
				TARGETED_DEVICE_FAMILY = "1,2";
			};
			name = Debug;
		};
		3DD4284E253B7EB100C8826A /* Release */ = {
			isa = XCBuildConfiguration;
			buildSettings = {
				ASSETCATALOG_COMPILER_APPICON_NAME = AppIcon;
				CODE_SIGN_STYLE = Automatic;
				INFOPLIST_FILE = Zoologico/Info.plist;
				LD_RUNPATH_SEARCH_PATHS = (
					"$(inherited)",
					"@executable_path/Frameworks",
				);
				PRODUCT_BUNDLE_IDENTIFIER = edu.ulsa.Zoologico;
				PRODUCT_NAME = "$(TARGET_NAME)";
				SWIFT_VERSION = 5.0;
				TARGETED_DEVICE_FAMILY = "1,2";
			};
			name = Release;
		};
		3DD42850253B7EB100C8826A /* Debug */ = {
			isa = XCBuildConfiguration;
			buildSettings = {
				ALWAYS_EMBED_SWIFT_STANDARD_LIBRARIES = YES;
				BUNDLE_LOADER = "$(TEST_HOST)";
				CODE_SIGN_STYLE = Automatic;
				INFOPLIST_FILE = ZoologicoTests/Info.plist;
				IPHONEOS_DEPLOYMENT_TARGET = 13.2;
				LD_RUNPATH_SEARCH_PATHS = (
					"$(inherited)",
					"@executable_path/Frameworks",
					"@loader_path/Frameworks",
				);
				PRODUCT_BUNDLE_IDENTIFIER = edu.ulsa.ZoologicoTests;
				PRODUCT_NAME = "$(TARGET_NAME)";
				SWIFT_VERSION = 5.0;
				TARGETED_DEVICE_FAMILY = "1,2";
				TEST_HOST = "$(BUILT_PRODUCTS_DIR)/Zoologico.app/Zoologico";
			};
			name = Debug;
		};
		3DD42851253B7EB100C8826A /* Release */ = {
			isa = XCBuildConfiguration;
			buildSettings = {
				ALWAYS_EMBED_SWIFT_STANDARD_LIBRARIES = YES;
				BUNDLE_LOADER = "$(TEST_HOST)";
				CODE_SIGN_STYLE = Automatic;
				INFOPLIST_FILE = ZoologicoTests/Info.plist;
				IPHONEOS_DEPLOYMENT_TARGET = 13.2;
				LD_RUNPATH_SEARCH_PATHS = (
					"$(inherited)",
					"@executable_path/Frameworks",
					"@loader_path/Frameworks",
				);
				PRODUCT_BUNDLE_IDENTIFIER = edu.ulsa.ZoologicoTests;
				PRODUCT_NAME = "$(TARGET_NAME)";
				SWIFT_VERSION = 5.0;
				TARGETED_DEVICE_FAMILY = "1,2";
				TEST_HOST = "$(BUILT_PRODUCTS_DIR)/Zoologico.app/Zoologico";
			};
			name = Release;
		};
		3DD42853253B7EB100C8826A /* Debug */ = {
			isa = XCBuildConfiguration;
			buildSettings = {
				ALWAYS_EMBED_SWIFT_STANDARD_LIBRARIES = YES;
				CODE_SIGN_STYLE = Automatic;
				INFOPLIST_FILE = ZoologicoUITests/Info.plist;
				LD_RUNPATH_SEARCH_PATHS = (
					"$(inherited)",
					"@executable_path/Frameworks",
					"@loader_path/Frameworks",
				);
				PRODUCT_BUNDLE_IDENTIFIER = edu.ulsa.ZoologicoUITests;
				PRODUCT_NAME = "$(TARGET_NAME)";
				SWIFT_VERSION = 5.0;
				TARGETED_DEVICE_FAMILY = "1,2";
				TEST_TARGET_NAME = Zoologico;
			};
			name = Debug;
		};
		3DD42854253B7EB100C8826A /* Release */ = {
			isa = XCBuildConfiguration;
			buildSettings = {
				ALWAYS_EMBED_SWIFT_STANDARD_LIBRARIES = YES;
				CODE_SIGN_STYLE = Automatic;
				INFOPLIST_FILE = ZoologicoUITests/Info.plist;
				LD_RUNPATH_SEARCH_PATHS = (
					"$(inherited)",
					"@executable_path/Frameworks",
					"@loader_path/Frameworks",
				);
				PRODUCT_BUNDLE_IDENTIFIER = edu.ulsa.ZoologicoUITests;
				PRODUCT_NAME = "$(TARGET_NAME)";
				SWIFT_VERSION = 5.0;
				TARGETED_DEVICE_FAMILY = "1,2";
				TEST_TARGET_NAME = Zoologico;
			};
			name = Release;
		};
/* End XCBuildConfiguration section */

/* Begin XCConfigurationList section */
		3DD4281D253B7EB000C8826A /* Build configuration list for PBXProject "Zoologico" */ = {
			isa = XCConfigurationList;
			buildConfigurations = (
				3DD4284A253B7EB100C8826A /* Debug */,
				3DD4284B253B7EB100C8826A /* Release */,
			);
			defaultConfigurationIsVisible = 0;
			defaultConfigurationName = Release;
		};
		3DD4284C253B7EB100C8826A /* Build configuration list for PBXNativeTarget "Zoologico" */ = {
			isa = XCConfigurationList;
			buildConfigurations = (
				3DD4284D253B7EB100C8826A /* Debug */,
				3DD4284E253B7EB100C8826A /* Release */,
			);
			defaultConfigurationIsVisible = 0;
			defaultConfigurationName = Release;
		};
		3DD4284F253B7EB100C8826A /* Build configuration list for PBXNativeTarget "ZoologicoTests" */ = {
			isa = XCConfigurationList;
			buildConfigurations = (
				3DD42850253B7EB100C8826A /* Debug */,
				3DD42851253B7EB100C8826A /* Release */,
			);
			defaultConfigurationIsVisible = 0;
			defaultConfigurationName = Release;
		};
		3DD42852253B7EB100C8826A /* Build configuration list for PBXNativeTarget "ZoologicoUITests" */ = {
			isa = XCConfigurationList;
			buildConfigurations = (
				3DD42853253B7EB100C8826A /* Debug */,
				3DD42854253B7EB100C8826A /* Release */,
			);
			defaultConfigurationIsVisible = 0;
			defaultConfigurationName = Release;
		};
/* End XCConfigurationList section */
	};
	rootObject = 3DD4281A253B7EB000C8826A /* Project object */;
}
